
Microsoft Visual Studio Solution File, Format Version 12.00
# Visual Studio 15
Project("{FAE04EC0-301F-11D3-BF4B-00C04F79EFBC}") = "UnityGameFramework.Runtime", "UnityGameFramework.Runtime.csproj", "{12A4CB10-2760-B730-58D5-4C6F9D793271}"
EndProject
Project("{FAE04EC0-301F-11D3-BF4B-00C04F79EFBC}") = "Assembly-CSharp", "Assembly-CSharp.csproj", "{6EAECEAD-579A-3448-BDE4-37BA82A7F896}"
EndProject
Project("{FAE04EC0-301F-11D3-BF4B-00C04F79EFBC}") = "Smite", "Smite.csproj", "{66E9CCE7-9C7A-3B87-9694-B3AAB5F3072E}"
EndProject
Project("{FAE04EC0-301F-11D3-BF4B-00C04F79EFBC}") = "UMI", "UMI.csproj", "{A35DFB3A-99C5-C318-4ACF-A9F077A2FA8C}"
EndProject
Project("{FAE04EC0-301F-11D3-BF4B-00C04F79EFBC}") = "QarthFramework", "QarthFramework.csproj", "{CC007214-E763-F439-F46B-C9923DAD6C3C}"
EndProject
Project("{FAE04EC0-301F-11D3-BF4B-00C04F79EFBC}") = "VectorShapes", "VectorShapes.csproj", "{0D52670E-590B-BB3F-E7BC-2062091D8EB9}"
EndProject
Project("{FAE04EC0-301F-11D3-BF4B-00C04F79EFBC}") = "Framework", "Framework.csproj", "{65A5205D-71C9-25FC-6072-EF72ED4764C6}"
EndProject
Project("{FAE04EC0-301F-11D3-BF4B-00C04F79EFBC}") = "LitJson", "LitJson.csproj", "{39AC34AD-AA25-2471-C193-96A691A9697D}"
EndProject
Project("{FAE04EC0-301F-11D3-BF4B-00C04F79EFBC}") = "UMIEditor", "UMIEditor.csproj", "{C1C9A593-78F4-6760-5943-FBF8C99D408E}"
EndProject
Project("{FAE04EC0-301F-11D3-BF4B-00C04F79EFBC}") = "protobuf-net", "protobuf-net.csproj", "{1143BF92-BD5B-7DC5-AF73-2E36DD4A6A49}"
EndProject
Project("{FAE04EC0-301F-11D3-BF4B-00C04F79EFBC}") = "SuskeTest", "SuskeTest.csproj", "{5AD22622-1B50-378C-1823-39C261234A1E}"
EndProject
Project("{FAE04EC0-301F-11D3-BF4B-00C04F79EFBC}") = "Assembly-CSharp-Editor", "Assembly-CSharp-Editor.csproj", "{212AC9A8-526D-7107-CB17-8732831556CC}"
EndProject
Project("{FAE04EC0-301F-11D3-BF4B-00C04F79EFBC}") = "UnityGameFramework.Editor", "UnityGameFramework.Editor.csproj", "{DBCEA658-5ACD-8A97-B45B-15C03F556AF1}"
EndProject
Project("{FAE04EC0-301F-11D3-BF4B-00C04F79EFBC}") = "VectorShapes.Editor", "VectorShapes.Editor.csproj", "{D1CFF51A-1949-F8EF-A423-4EE3FD5814CF}"
EndProject
Global
	GlobalSection(SolutionConfigurationPlatforms) = preSolution
		Debug|Any CPU = Debug|Any CPU
		Release|Any CPU = Release|Any CPU
	EndGlobalSection
	GlobalSection(ProjectConfigurationPlatforms) = postSolution
		{12A4CB10-2760-B730-58D5-4C6F9D793271}.Debug|Any CPU.ActiveCfg = Debug|Any CPU
		{12A4CB10-2760-B730-58D5-4C6F9D793271}.Debug|Any CPU.Build.0 = Debug|Any CPU
		{12A4CB10-2760-B730-58D5-4C6F9D793271}.Release|Any CPU.ActiveCfg = Release|Any CPU
		{12A4CB10-2760-B730-58D5-4C6F9D793271}.Release|Any CPU.Build.0 = Release|Any CPU
		{6EAECEAD-579A-3448-BDE4-37BA82A7F896}.Debug|Any CPU.ActiveCfg = Debug|Any CPU
		{6EAECEAD-579A-3448-BDE4-37BA82A7F896}.Debug|Any CPU.Build.0 = Debug|Any CPU
		{6EAECEAD-579A-3448-BDE4-37BA82A7F896}.Release|Any CPU.ActiveCfg = Release|Any CPU
		{6EAECEAD-579A-3448-BDE4-37BA82A7F896}.Release|Any CPU.Build.0 = Release|Any CPU
		{66E9CCE7-9C7A-3B87-9694-B3AAB5F3072E}.Debug|Any CPU.ActiveCfg = Debug|Any CPU
		{66E9CCE7-9C7A-3B87-9694-B3AAB5F3072E}.Debug|Any CPU.Build.0 = Debug|Any CPU
		{66E9CCE7-9C7A-3B87-9694-B3AAB5F3072E}.Release|Any CPU.ActiveCfg = Release|Any CPU
		{66E9CCE7-9C7A-3B87-9694-B3AAB5F3072E}.Release|Any CPU.Build.0 = Release|Any CPU
		{A35DFB3A-99C5-C318-4ACF-A9F077A2FA8C}.Debug|Any CPU.ActiveCfg = Debug|Any CPU
		{A35DFB3A-99C5-C318-4ACF-A9F077A2FA8C}.Debug|Any CPU.Build.0 = Debug|Any CPU
		{A35DFB3A-99C5-C318-4ACF-A9F077A2FA8C}.Release|Any CPU.ActiveCfg = Release|Any CPU
		{A35DFB3A-99C5-C318-4ACF-A9F077A2FA8C}.Release|Any CPU.Build.0 = Release|Any CPU
		{CC007214-E763-F439-F46B-C9923DAD6C3C}.Debug|Any CPU.ActiveCfg = Debug|Any CPU
		{CC007214-E763-F439-F46B-C9923DAD6C3C}.Debug|Any CPU.Build.0 = Debug|Any CPU
		{CC007214-E763-F439-F46B-C9923DAD6C3C}.Release|Any CPU.ActiveCfg = Release|Any CPU
		{CC007214-E763-F439-F46B-C9923DAD6C3C}.Release|Any CPU.Build.0 = Release|Any CPU
		{0D52670E-590B-BB3F-E7BC-2062091D8EB9}.Debug|Any CPU.ActiveCfg = Debug|Any CPU
		{0D52670E-590B-BB3F-E7BC-2062091D8EB9}.Debug|Any CPU.Build.0 = Debug|Any CPU
		{0D52670E-590B-BB3F-E7BC-2062091D8EB9}.Release|Any CPU.ActiveCfg = Release|Any CPU
		{0D52670E-590B-BB3F-E7BC-2062091D8EB9}.Release|Any CPU.Build.0 = Release|Any CPU
		{65A5205D-71C9-25FC-6072-EF72ED4764C6}.Debug|Any CPU.ActiveCfg = Debug|Any CPU
		{65A5205D-71C9-25FC-6072-EF72ED4764C6}.Debug|Any CPU.Build.0 = Debug|Any CPU
		{65A5205D-71C9-25FC-6072-EF72ED4764C6}.Release|Any CPU.ActiveCfg = Release|Any CPU
		{65A5205D-71C9-25FC-6072-EF72ED4764C6}.Release|Any CPU.Build.0 = Release|Any CPU
		{39AC34AD-AA25-2471-C193-96A691A9697D}.Debug|Any CPU.ActiveCfg = Debug|Any CPU
		{39AC34AD-AA25-2471-C193-96A691A9697D}.Debug|Any CPU.Build.0 = Debug|Any CPU
		{39AC34AD-AA25-2471-C193-96A691A9697D}.Release|Any CPU.ActiveCfg = Release|Any CPU
		{39AC34AD-AA25-2471-C193-96A691A9697D}.Release|Any CPU.Build.0 = Release|Any CPU
		{C1C9A593-78F4-6760-5943-FBF8C99D408E}.Debug|Any CPU.ActiveCfg = Debug|Any CPU
		{C1C9A593-78F4-6760-5943-FBF8C99D408E}.Debug|Any CPU.Build.0 = Debug|Any CPU
		{C1C9A593-78F4-6760-5943-FBF8C99D408E}.Release|Any CPU.ActiveCfg = Release|Any CPU
		{C1C9A593-78F4-6760-5943-FBF8C99D408E}.Release|Any CPU.Build.0 = Release|Any CPU
		{1143BF92-BD5B-7DC5-AF73-2E36DD4A6A49}.Debug|Any CPU.ActiveCfg = Debug|Any CPU
		{1143BF92-BD5B-7DC5-AF73-2E36DD4A6A49}.Debug|Any CPU.Build.0 = Debug|Any CPU
		{1143BF92-BD5B-7DC5-AF73-2E36DD4A6A49}.Release|Any CPU.ActiveCfg = Release|Any CPU
		{1143BF92-BD5B-7DC5-AF73-2E36DD4A6A49}.Release|Any CPU.Build.0 = Release|Any CPU
		{5AD22622-1B50-378C-1823-39C261234A1E}.Debug|Any CPU.ActiveCfg = Debug|Any CPU
		{5AD22622-1B50-378C-1823-39C261234A1E}.Debug|Any CPU.Build.0 = Debug|Any CPU
		{5AD22622-1B50-378C-1823-39C261234A1E}.Release|Any CPU.ActiveCfg = Release|Any CPU
		{5AD22622-1B50-378C-1823-39C261234A1E}.Release|Any CPU.Build.0 = Release|Any CPU
		{212AC9A8-526D-7107-CB17-8732831556CC}.Debug|Any CPU.ActiveCfg = Debug|Any CPU
		{212AC9A8-526D-7107-CB17-8732831556CC}.Debug|Any CPU.Build.0 = Debug|Any CPU
		{212AC9A8-526D-7107-CB17-8732831556CC}.Release|Any CPU.ActiveCfg = Release|Any CPU
		{212AC9A8-526D-7107-CB17-8732831556CC}.Release|Any CPU.Build.0 = Release|Any CPU
		{DBCEA658-5ACD-8A97-B45B-15C03F556AF1}.Debug|Any CPU.ActiveCfg = Debug|Any CPU
		{DBCEA658-5ACD-8A97-B45B-15C03F556AF1}.Debug|Any CPU.Build.0 = Debug|Any CPU
		{DBCEA658-5ACD-8A97-B45B-15C03F556AF1}.Release|Any CPU.ActiveCfg = Release|Any CPU
		{DBCEA658-5ACD-8A97-B45B-15C03F556AF1}.Release|Any CPU.Build.0 = Release|Any CPU
		{D1CFF51A-1949-F8EF-A423-4EE3FD5814CF}.Debug|Any CPU.ActiveCfg = Debug|Any CPU
		{D1CFF51A-1949-F8EF-A423-4EE3FD5814CF}.Debug|Any CPU.Build.0 = Debug|Any CPU
		{D1CFF51A-1949-F8EF-A423-4EE3FD5814CF}.Release|Any CPU.ActiveCfg = Release|Any CPU
		{D1CFF51A-1949-F8EF-A423-4EE3FD5814CF}.Release|Any CPU.Build.0 = Release|Any CPU
	EndGlobalSection
	GlobalSection(SolutionProperties) = preSolution
		HideSolutionNode = FALSE
	EndGlobalSection
EndGlobal
