
Microsoft Visual Studio Solution File, Format Version 12.00
# Visual Studio 15
Project("{FAE04EC0-301F-11D3-BF4B-00C04F79EFBC}") = "UnityGameFramework.Runtime", "UnityGameFramework.Runtime.csproj", "{12A4CB10-2760-B730-58D5-4C6F9D793271}"
EndProject
Project("{FAE04EC0-301F-11D3-BF4B-00C04F79EFBC}") = "Assembly-CSharp", "Assembly-CSharp.csproj", "{6EAECEAD-579A-3448-BDE4-37BA82A7F896}"
EndProject
Project("{FAE04EC0-301F-11D3-BF4B-00C04F79EFBC}") = "VectorShapes", "VectorShapes.csproj", "{0D52670E-590B-BB3F-E7BC-2062091D8EB9}"
EndProject
Project("{FAE04EC0-301F-11D3-BF4B-00C04F79EFBC}") = "Assembly-CSharp-Editor", "Assembly-CSharp-Editor.csproj", "{212AC9A8-526D-7107-CB17-8732831556CC}"
EndProject
Project("{FAE04EC0-301F-11D3-BF4B-00C04F79EFBC}") = "UnityGameFramework.Editor", "UnityGameFramework.Editor.csproj", "{DBCEA658-5ACD-8A97-B45B-15C03F556AF1}"
EndProject
Project("{FAE04EC0-301F-11D3-BF4B-00C04F79EFBC}") = "VectorShapes.Editor", "VectorShapes.Editor.csproj", "{D1CFF51A-1949-F8EF-A423-4EE3FD5814CF}"
EndProject
Global
	GlobalSection(SolutionConfigurationPlatforms) = preSolution
		Debug|Any CPU = Debug|Any CPU
		Release|Any CPU = Release|Any CPU
	EndGlobalSection
	GlobalSection(ProjectConfigurationPlatforms) = postSolution
		{12A4CB10-2760-B730-58D5-4C6F9D793271}.Debug|Any CPU.ActiveCfg = Debug|Any CPU
		{12A4CB10-2760-B730-58D5-4C6F9D793271}.Debug|Any CPU.Build.0 = Debug|Any CPU
		{12A4CB10-2760-B730-58D5-4C6F9D793271}.Release|Any CPU.ActiveCfg = Release|Any CPU
		{12A4CB10-2760-B730-58D5-4C6F9D793271}.Release|Any CPU.Build.0 = Release|Any CPU
		{6EAECEAD-579A-3448-BDE4-37BA82A7F896}.Debug|Any CPU.ActiveCfg = Debug|Any CPU
		{6EAECEAD-579A-3448-BDE4-37BA82A7F896}.Debug|Any CPU.Build.0 = Debug|Any CPU
		{6EAECEAD-579A-3448-BDE4-37BA82A7F896}.Release|Any CPU.ActiveCfg = Release|Any CPU
		{6EAECEAD-579A-3448-BDE4-37BA82A7F896}.Release|Any CPU.Build.0 = Release|Any CPU
		{0D52670E-590B-BB3F-E7BC-2062091D8EB9}.Debug|Any CPU.ActiveCfg = Debug|Any CPU
		{0D52670E-590B-BB3F-E7BC-2062091D8EB9}.Debug|Any CPU.Build.0 = Debug|Any CPU
		{0D52670E-590B-BB3F-E7BC-2062091D8EB9}.Release|Any CPU.ActiveCfg = Release|Any CPU
		{0D52670E-590B-BB3F-E7BC-2062091D8EB9}.Release|Any CPU.Build.0 = Release|Any CPU
		{212AC9A8-526D-7107-CB17-8732831556CC}.Debug|Any CPU.ActiveCfg = Debug|Any CPU
		{212AC9A8-526D-7107-CB17-8732831556CC}.Debug|Any CPU.Build.0 = Debug|Any CPU
		{212AC9A8-526D-7107-CB17-8732831556CC}.Release|Any CPU.ActiveCfg = Release|Any CPU
		{212AC9A8-526D-7107-CB17-8732831556CC}.Release|Any CPU.Build.0 = Release|Any CPU
		{DBCEA658-5ACD-8A97-B45B-15C03F556AF1}.Debug|Any CPU.ActiveCfg = Debug|Any CPU
		{DBCEA658-5ACD-8A97-B45B-15C03F556AF1}.Debug|Any CPU.Build.0 = Debug|Any CPU
		{DBCEA658-5ACD-8A97-B45B-15C03F556AF1}.Release|Any CPU.ActiveCfg = Release|Any CPU
		{DBCEA658-5ACD-8A97-B45B-15C03F556AF1}.Release|Any CPU.Build.0 = Release|Any CPU
		{D1CFF51A-1949-F8EF-A423-4EE3FD5814CF}.Debug|Any CPU.ActiveCfg = Debug|Any CPU
		{D1CFF51A-1949-F8EF-A423-4EE3FD5814CF}.Debug|Any CPU.Build.0 = Debug|Any CPU
		{D1CFF51A-1949-F8EF-A423-4EE3FD5814CF}.Release|Any CPU.ActiveCfg = Release|Any CPU
		{D1CFF51A-1949-F8EF-A423-4EE3FD5814CF}.Release|Any CPU.Build.0 = Release|Any CPU
	EndGlobalSection
	GlobalSection(SolutionProperties) = preSolution
		HideSolutionNode = FALSE
	EndGlobalSection
EndGlobal
