
Microsoft Visual Studio Solution File, Format Version 12.00
# Visual Studio 15
Project("{FAE04EC0-301F-11D3-BF4B-00C04F79EFBC}") = "UnityEngine.UI", "UnityEngine.UI.csproj", "{22CAC6DF-0403-EAAD-4637-AB285EAF4EAE}"
EndProject
Project("{FAE04EC0-301F-11D3-BF4B-00C04F79EFBC}") = "XMLib.AM", "XMLib.AM.csproj", "{E8107A96-8258-36EB-E0E5-76A4992B14A9}"
EndProject
Project("{FAE04EC0-301F-11D3-BF4B-00C04F79EFBC}") = "UnityEngine.TestRunner", "UnityEngine.TestRunner.csproj", "{029F4477-B904-5DBA-DA17-A89AFFAC73D8}"
EndProject
Project("{FAE04EC0-301F-11D3-BF4B-00C04F79EFBC}") = "Unity.InputSystem", "Unity.InputSystem.csproj", "{F8B1F7F3-DBDA-7971-74B5-200D1B878847}"
EndProject
Project("{FAE04EC0-301F-11D3-BF4B-00C04F79EFBC}") = "Unity.Timeline", "Unity.Timeline.csproj", "{08FD686E-FDA6-B4BD-EFE7-B530DC5ECF95}"
EndProject
Project("{FAE04EC0-301F-11D3-BF4B-00C04F79EFBC}") = "Unity.TextMeshPro", "Unity.TextMeshPro.csproj", "{2C028FBA-CD13-188E-EA2D-E049A60510EB}"
EndProject
Project("{FAE04EC0-301F-11D3-BF4B-00C04F79EFBC}") = "Assembly-CSharp", "Assembly-CSharp.csproj", "{E920A8A9-0747-B9A0-1157-395F638928E6}"
EndProject
Project("{FAE04EC0-301F-11D3-BF4B-00C04F79EFBC}") = "XMLib.Common", "XMLib.Common.csproj", "{0A198873-B639-3E69-54A9-243825B11C43}"
EndProject
Project("{FAE04EC0-301F-11D3-BF4B-00C04F79EFBC}") = "UnityEditor.TestRunner", "UnityEditor.TestRunner.csproj", "{06F86CFE-2AB1-5F77-3DBA-62F182DECC14}"
EndProject
Project("{FAE04EC0-301F-11D3-BF4B-00C04F79EFBC}") = "UnityEditor.UI", "UnityEditor.UI.csproj", "{1699AAD6-1076-72F8-BA75-292D9ED16C80}"
EndProject
Project("{FAE04EC0-301F-11D3-BF4B-00C04F79EFBC}") = "Unity.Timeline.Editor", "Unity.Timeline.Editor.csproj", "{F9C63F52-09E8-0F72-7303-27F9A4BA69FD}"
EndProject
Project("{FAE04EC0-301F-11D3-BF4B-00C04F79EFBC}") = "Unity.VisualStudio.Editor", "Unity.VisualStudio.Editor.csproj", "{0F9BBC1E-2D4E-47EA-62AB-7EE834A3432E}"
EndProject
Project("{FAE04EC0-301F-11D3-BF4B-00C04F79EFBC}") = "Unity.TextMeshPro.Editor", "Unity.TextMeshPro.Editor.csproj", "{2FD3F94E-61C7-D3A2-613E-3FE793B277A5}"
EndProject
Project("{FAE04EC0-301F-11D3-BF4B-00C04F79EFBC}") = "XMLib.Common.Editor", "XMLib.Common.Editor.csproj", "{6A1D7E3D-BF33-9167-90FD-71423A143561}"
EndProject
Project("{FAE04EC0-301F-11D3-BF4B-00C04F79EFBC}") = "XMLib.AM.Editor", "XMLib.AM.Editor.csproj", "{12872018-7A20-0EFE-6C30-832ADDFA0C25}"
EndProject
Project("{FAE04EC0-301F-11D3-BF4B-00C04F79EFBC}") = "Assembly-CSharp-Editor", "Assembly-CSharp-Editor.csproj", "{E11E233A-919A-16E6-28BC-ADB7EC2FC7A5}"
EndProject
Project("{FAE04EC0-301F-11D3-BF4B-00C04F79EFBC}") = "UnityEngine.UI", "UnityEngine.UI.Player.csproj", "{97632E0D-5CEE-32D3-D835-7BDECECF7D8A}"
EndProject
Project("{FAE04EC0-301F-11D3-BF4B-00C04F79EFBC}") = "XMLib.AM", "XMLib.AM.Player.csproj", "{DCFC4FB3-C1EC-D984-A552-684809E190CC}"
EndProject
Project("{FAE04EC0-301F-11D3-BF4B-00C04F79EFBC}") = "UnityEngine.TestRunner", "UnityEngine.TestRunner.Player.csproj", "{93A7C5FF-861F-0BC2-6864-6F77E8D5FC8F}"
EndProject
Project("{FAE04EC0-301F-11D3-BF4B-00C04F79EFBC}") = "Unity.InputSystem", "Unity.InputSystem.Player.csproj", "{3F0A9365-31E1-93A9-48FA-8C36446EF9BC}"
EndProject
Project("{FAE04EC0-301F-11D3-BF4B-00C04F79EFBC}") = "Unity.Timeline", "Unity.Timeline.Player.csproj", "{FB4B52CC-6065-898B-9CAA-D4ED5BD40EE2}"
EndProject
Project("{FAE04EC0-301F-11D3-BF4B-00C04F79EFBC}") = "Unity.TextMeshPro", "Unity.TextMeshPro.Player.csproj", "{A75392F2-FD36-8D3C-6F41-E604E70093A4}"
EndProject
Project("{FAE04EC0-301F-11D3-BF4B-00C04F79EFBC}") = "Assembly-CSharp", "Assembly-CSharp.Player.csproj", "{C696A06B-5E8C-E092-ECEE-B65088243990}"
EndProject
Project("{FAE04EC0-301F-11D3-BF4B-00C04F79EFBC}") = "XMLib.Common", "XMLib.Common.Player.csproj", "{814285BE-3EE9-9FB5-3E82-E94A64074441}"
EndProject
Global
	GlobalSection(SolutionConfigurationPlatforms) = preSolution
		Debug|Any CPU = Debug|Any CPU
		Release|Any CPU = Release|Any CPU
	EndGlobalSection
	GlobalSection(ProjectConfigurationPlatforms) = postSolution
		{22CAC6DF-0403-EAAD-4637-AB285EAF4EAE}.Debug|Any CPU.ActiveCfg = Debug|Any CPU
		{22CAC6DF-0403-EAAD-4637-AB285EAF4EAE}.Debug|Any CPU.Build.0 = Debug|Any CPU
		{22CAC6DF-0403-EAAD-4637-AB285EAF4EAE}.Release|Any CPU.ActiveCfg = Release|Any CPU
		{22CAC6DF-0403-EAAD-4637-AB285EAF4EAE}.Release|Any CPU.Build.0 = Release|Any CPU
		{E8107A96-8258-36EB-E0E5-76A4992B14A9}.Debug|Any CPU.ActiveCfg = Debug|Any CPU
		{E8107A96-8258-36EB-E0E5-76A4992B14A9}.Debug|Any CPU.Build.0 = Debug|Any CPU
		{E8107A96-8258-36EB-E0E5-76A4992B14A9}.Release|Any CPU.ActiveCfg = Release|Any CPU
		{E8107A96-8258-36EB-E0E5-76A4992B14A9}.Release|Any CPU.Build.0 = Release|Any CPU
		{029F4477-B904-5DBA-DA17-A89AFFAC73D8}.Debug|Any CPU.ActiveCfg = Debug|Any CPU
		{029F4477-B904-5DBA-DA17-A89AFFAC73D8}.Debug|Any CPU.Build.0 = Debug|Any CPU
		{029F4477-B904-5DBA-DA17-A89AFFAC73D8}.Release|Any CPU.ActiveCfg = Release|Any CPU
		{029F4477-B904-5DBA-DA17-A89AFFAC73D8}.Release|Any CPU.Build.0 = Release|Any CPU
		{F8B1F7F3-DBDA-7971-74B5-200D1B878847}.Debug|Any CPU.ActiveCfg = Debug|Any CPU
		{F8B1F7F3-DBDA-7971-74B5-200D1B878847}.Debug|Any CPU.Build.0 = Debug|Any CPU
		{F8B1F7F3-DBDA-7971-74B5-200D1B878847}.Release|Any CPU.ActiveCfg = Release|Any CPU
		{F8B1F7F3-DBDA-7971-74B5-200D1B878847}.Release|Any CPU.Build.0 = Release|Any CPU
		{08FD686E-FDA6-B4BD-EFE7-B530DC5ECF95}.Debug|Any CPU.ActiveCfg = Debug|Any CPU
		{08FD686E-FDA6-B4BD-EFE7-B530DC5ECF95}.Debug|Any CPU.Build.0 = Debug|Any CPU
		{08FD686E-FDA6-B4BD-EFE7-B530DC5ECF95}.Release|Any CPU.ActiveCfg = Release|Any CPU
		{08FD686E-FDA6-B4BD-EFE7-B530DC5ECF95}.Release|Any CPU.Build.0 = Release|Any CPU
		{2C028FBA-CD13-188E-EA2D-E049A60510EB}.Debug|Any CPU.ActiveCfg = Debug|Any CPU
		{2C028FBA-CD13-188E-EA2D-E049A60510EB}.Debug|Any CPU.Build.0 = Debug|Any CPU
		{2C028FBA-CD13-188E-EA2D-E049A60510EB}.Release|Any CPU.ActiveCfg = Release|Any CPU
		{2C028FBA-CD13-188E-EA2D-E049A60510EB}.Release|Any CPU.Build.0 = Release|Any CPU
		{E920A8A9-0747-B9A0-1157-395F638928E6}.Debug|Any CPU.ActiveCfg = Debug|Any CPU
		{E920A8A9-0747-B9A0-1157-395F638928E6}.Debug|Any CPU.Build.0 = Debug|Any CPU
		{E920A8A9-0747-B9A0-1157-395F638928E6}.Release|Any CPU.ActiveCfg = Release|Any CPU
		{E920A8A9-0747-B9A0-1157-395F638928E6}.Release|Any CPU.Build.0 = Release|Any CPU
		{0A198873-B639-3E69-54A9-243825B11C43}.Debug|Any CPU.ActiveCfg = Debug|Any CPU
		{0A198873-B639-3E69-54A9-243825B11C43}.Debug|Any CPU.Build.0 = Debug|Any CPU
		{0A198873-B639-3E69-54A9-243825B11C43}.Release|Any CPU.ActiveCfg = Release|Any CPU
		{0A198873-B639-3E69-54A9-243825B11C43}.Release|Any CPU.Build.0 = Release|Any CPU
		{06F86CFE-2AB1-5F77-3DBA-62F182DECC14}.Debug|Any CPU.ActiveCfg = Debug|Any CPU
		{06F86CFE-2AB1-5F77-3DBA-62F182DECC14}.Debug|Any CPU.Build.0 = Debug|Any CPU
		{06F86CFE-2AB1-5F77-3DBA-62F182DECC14}.Release|Any CPU.ActiveCfg = Release|Any CPU
		{06F86CFE-2AB1-5F77-3DBA-62F182DECC14}.Release|Any CPU.Build.0 = Release|Any CPU
		{1699AAD6-1076-72F8-BA75-292D9ED16C80}.Debug|Any CPU.ActiveCfg = Debug|Any CPU
		{1699AAD6-1076-72F8-BA75-292D9ED16C80}.Debug|Any CPU.Build.0 = Debug|Any CPU
		{1699AAD6-1076-72F8-BA75-292D9ED16C80}.Release|Any CPU.ActiveCfg = Release|Any CPU
		{1699AAD6-1076-72F8-BA75-292D9ED16C80}.Release|Any CPU.Build.0 = Release|Any CPU
		{F9C63F52-09E8-0F72-7303-27F9A4BA69FD}.Debug|Any CPU.ActiveCfg = Debug|Any CPU
		{F9C63F52-09E8-0F72-7303-27F9A4BA69FD}.Debug|Any CPU.Build.0 = Debug|Any CPU
		{F9C63F52-09E8-0F72-7303-27F9A4BA69FD}.Release|Any CPU.ActiveCfg = Release|Any CPU
		{F9C63F52-09E8-0F72-7303-27F9A4BA69FD}.Release|Any CPU.Build.0 = Release|Any CPU
		{0F9BBC1E-2D4E-47EA-62AB-7EE834A3432E}.Debug|Any CPU.ActiveCfg = Debug|Any CPU
		{0F9BBC1E-2D4E-47EA-62AB-7EE834A3432E}.Debug|Any CPU.Build.0 = Debug|Any CPU
		{0F9BBC1E-2D4E-47EA-62AB-7EE834A3432E}.Release|Any CPU.ActiveCfg = Release|Any CPU
		{0F9BBC1E-2D4E-47EA-62AB-7EE834A3432E}.Release|Any CPU.Build.0 = Release|Any CPU
		{2FD3F94E-61C7-D3A2-613E-3FE793B277A5}.Debug|Any CPU.ActiveCfg = Debug|Any CPU
		{2FD3F94E-61C7-D3A2-613E-3FE793B277A5}.Debug|Any CPU.Build.0 = Debug|Any CPU
		{2FD3F94E-61C7-D3A2-613E-3FE793B277A5}.Release|Any CPU.ActiveCfg = Release|Any CPU
		{2FD3F94E-61C7-D3A2-613E-3FE793B277A5}.Release|Any CPU.Build.0 = Release|Any CPU
		{6A1D7E3D-BF33-9167-90FD-71423A143561}.Debug|Any CPU.ActiveCfg = Debug|Any CPU
		{6A1D7E3D-BF33-9167-90FD-71423A143561}.Debug|Any CPU.Build.0 = Debug|Any CPU
		{6A1D7E3D-BF33-9167-90FD-71423A143561}.Release|Any CPU.ActiveCfg = Release|Any CPU
		{6A1D7E3D-BF33-9167-90FD-71423A143561}.Release|Any CPU.Build.0 = Release|Any CPU
		{12872018-7A20-0EFE-6C30-832ADDFA0C25}.Debug|Any CPU.ActiveCfg = Debug|Any CPU
		{12872018-7A20-0EFE-6C30-832ADDFA0C25}.Debug|Any CPU.Build.0 = Debug|Any CPU
		{12872018-7A20-0EFE-6C30-832ADDFA0C25}.Release|Any CPU.ActiveCfg = Release|Any CPU
		{12872018-7A20-0EFE-6C30-832ADDFA0C25}.Release|Any CPU.Build.0 = Release|Any CPU
		{E11E233A-919A-16E6-28BC-ADB7EC2FC7A5}.Debug|Any CPU.ActiveCfg = Debug|Any CPU
		{E11E233A-919A-16E6-28BC-ADB7EC2FC7A5}.Debug|Any CPU.Build.0 = Debug|Any CPU
		{E11E233A-919A-16E6-28BC-ADB7EC2FC7A5}.Release|Any CPU.ActiveCfg = Release|Any CPU
		{E11E233A-919A-16E6-28BC-ADB7EC2FC7A5}.Release|Any CPU.Build.0 = Release|Any CPU
		{97632E0D-5CEE-32D3-D835-7BDECECF7D8A}.Debug|Any CPU.ActiveCfg = Debug|Any CPU
		{97632E0D-5CEE-32D3-D835-7BDECECF7D8A}.Debug|Any CPU.Build.0 = Debug|Any CPU
		{97632E0D-5CEE-32D3-D835-7BDECECF7D8A}.Release|Any CPU.ActiveCfg = Release|Any CPU
		{97632E0D-5CEE-32D3-D835-7BDECECF7D8A}.Release|Any CPU.Build.0 = Release|Any CPU
		{DCFC4FB3-C1EC-D984-A552-684809E190CC}.Debug|Any CPU.ActiveCfg = Debug|Any CPU
		{DCFC4FB3-C1EC-D984-A552-684809E190CC}.Debug|Any CPU.Build.0 = Debug|Any CPU
		{DCFC4FB3-C1EC-D984-A552-684809E190CC}.Release|Any CPU.ActiveCfg = Release|Any CPU
		{DCFC4FB3-C1EC-D984-A552-684809E190CC}.Release|Any CPU.Build.0 = Release|Any CPU
		{93A7C5FF-861F-0BC2-6864-6F77E8D5FC8F}.Debug|Any CPU.ActiveCfg = Debug|Any CPU
		{93A7C5FF-861F-0BC2-6864-6F77E8D5FC8F}.Debug|Any CPU.Build.0 = Debug|Any CPU
		{93A7C5FF-861F-0BC2-6864-6F77E8D5FC8F}.Release|Any CPU.ActiveCfg = Release|Any CPU
		{93A7C5FF-861F-0BC2-6864-6F77E8D5FC8F}.Release|Any CPU.Build.0 = Release|Any CPU
		{3F0A9365-31E1-93A9-48FA-8C36446EF9BC}.Debug|Any CPU.ActiveCfg = Debug|Any CPU
		{3F0A9365-31E1-93A9-48FA-8C36446EF9BC}.Debug|Any CPU.Build.0 = Debug|Any CPU
		{3F0A9365-31E1-93A9-48FA-8C36446EF9BC}.Release|Any CPU.ActiveCfg = Release|Any CPU
		{3F0A9365-31E1-93A9-48FA-8C36446EF9BC}.Release|Any CPU.Build.0 = Release|Any CPU
		{FB4B52CC-6065-898B-9CAA-D4ED5BD40EE2}.Debug|Any CPU.ActiveCfg = Debug|Any CPU
		{FB4B52CC-6065-898B-9CAA-D4ED5BD40EE2}.Debug|Any CPU.Build.0 = Debug|Any CPU
		{FB4B52CC-6065-898B-9CAA-D4ED5BD40EE2}.Release|Any CPU.ActiveCfg = Release|Any CPU
		{FB4B52CC-6065-898B-9CAA-D4ED5BD40EE2}.Release|Any CPU.Build.0 = Release|Any CPU
		{A75392F2-FD36-8D3C-6F41-E604E70093A4}.Debug|Any CPU.ActiveCfg = Debug|Any CPU
		{A75392F2-FD36-8D3C-6F41-E604E70093A4}.Debug|Any CPU.Build.0 = Debug|Any CPU
		{A75392F2-FD36-8D3C-6F41-E604E70093A4}.Release|Any CPU.ActiveCfg = Release|Any CPU
		{A75392F2-FD36-8D3C-6F41-E604E70093A4}.Release|Any CPU.Build.0 = Release|Any CPU
		{C696A06B-5E8C-E092-ECEE-B65088243990}.Debug|Any CPU.ActiveCfg = Debug|Any CPU
		{C696A06B-5E8C-E092-ECEE-B65088243990}.Debug|Any CPU.Build.0 = Debug|Any CPU
		{C696A06B-5E8C-E092-ECEE-B65088243990}.Release|Any CPU.ActiveCfg = Release|Any CPU
		{C696A06B-5E8C-E092-ECEE-B65088243990}.Release|Any CPU.Build.0 = Release|Any CPU
		{814285BE-3EE9-9FB5-3E82-E94A64074441}.Debug|Any CPU.ActiveCfg = Debug|Any CPU
		{814285BE-3EE9-9FB5-3E82-E94A64074441}.Debug|Any CPU.Build.0 = Debug|Any CPU
		{814285BE-3EE9-9FB5-3E82-E94A64074441}.Release|Any CPU.ActiveCfg = Release|Any CPU
		{814285BE-3EE9-9FB5-3E82-E94A64074441}.Release|Any CPU.Build.0 = Release|Any CPU
	EndGlobalSection
	GlobalSection(SolutionProperties) = preSolution
		HideSolutionNode = FALSE
	EndGlobalSection
EndGlobal
