
Microsoft Visual Studio Solution File, Format Version 12.00
# Visual Studio 15
Project("{FAE04EC0-301F-11D3-BF4B-00C04F79EFBC}") = "AstarPathfindingProject", "AstarPathfindingProject.csproj", "{AF12DB37-68C1-2DF5-300E-BD9D55767B7C}"
EndProject
Project("{FAE04EC0-301F-11D3-BF4B-00C04F79EFBC}") = "UnityEngine.TestRunner", "UnityEngine.TestRunner.csproj", "{2EE260F8-78E2-625D-C6EB-2274E75A9088}"
EndProject
Project("{FAE04EC0-301F-11D3-BF4B-00C04F79EFBC}") = "Unity.Mathematics", "Unity.Mathematics.csproj", "{C5979902-440A-A802-F9B4-CC1BC3135037}"
EndProject
Project("{FAE04EC0-301F-11D3-BF4B-00C04F79EFBC}") = "Unity.Entities", "Unity.Entities.csproj", "{CEB1FA88-482C-0531-94A0-99347F006A29}"
EndProject
Project("{FAE04EC0-301F-11D3-BF4B-00C04F79EFBC}") = "Assembly-CSharp", "Assembly-CSharp.csproj", "{698E86A9-692A-EA08-7EED-3793DBC7A20A}"
EndProject
Project("{FAE04EC0-301F-11D3-BF4B-00C04F79EFBC}") = "Unity.Entities.Hybrid", "Unity.Entities.Hybrid.csproj", "{83EFCCF7-E431-1FFA-64FE-D8C28D377B5E}"
EndProject
Project("{FAE04EC0-301F-11D3-BF4B-00C04F79EFBC}") = "Unity.Transforms.Hybrid", "Unity.Transforms.Hybrid.csproj", "{4477B5F0-69E4-F221-3D71-658F646CEB37}"
EndProject
Project("{FAE04EC0-301F-11D3-BF4B-00C04F79EFBC}") = "Unity.Serialization", "Unity.Serialization.csproj", "{11F33442-3B1A-CEE4-2CC7-F59CCDBE6C82}"
EndProject
Project("{FAE04EC0-301F-11D3-BF4B-00C04F79EFBC}") = "Unity.TextMeshPro", "Unity.TextMeshPro.csproj", "{66DD1236-60F4-729C-E2F9-0F7D6290645F}"
EndProject
Project("{FAE04EC0-301F-11D3-BF4B-00C04F79EFBC}") = "Unity.Transforms", "Unity.Transforms.csproj", "{8843CBF5-F0D0-EBD5-AE2D-D01FCBABDE00}"
EndProject
Project("{FAE04EC0-301F-11D3-BF4B-00C04F79EFBC}") = "AstarPathfindingProjectExamples", "AstarPathfindingProjectExamples.csproj", "{CA48C0A4-C765-0CF7-82B7-B8882470A070}"
EndProject
Project("{FAE04EC0-301F-11D3-BF4B-00C04F79EFBC}") = "NavMeshComponentsTestsPlaymode", "NavMeshComponentsTestsPlaymode.csproj", "{5E81ED28-8B2C-A93E-9DD7-77AE94915D9B}"
EndProject
Project("{FAE04EC0-301F-11D3-BF4B-00C04F79EFBC}") = "Unity.Scenes", "Unity.Scenes.csproj", "{5A39E152-53E6-1603-E6D1-12D04122669C}"
EndProject
Project("{FAE04EC0-301F-11D3-BF4B-00C04F79EFBC}") = "Unity.Collections", "Unity.Collections.csproj", "{217FDC23-A597-0911-CD8F-BC2A1B797483}"
EndProject
Project("{FAE04EC0-301F-11D3-BF4B-00C04F79EFBC}") = "Unity.Timeline", "Unity.Timeline.csproj", "{A0487E1A-9671-8641-A665-2849F66A92F7}"
EndProject
Project("{FAE04EC0-301F-11D3-BF4B-00C04F79EFBC}") = "Unity.PerformanceTesting", "Unity.PerformanceTesting.csproj", "{D7D8CDF2-255D-C917-04B4-22F2BA6DE31A}"
EndProject
Project("{FAE04EC0-301F-11D3-BF4B-00C04F79EFBC}") = "Unity.Properties.Reflection", "Unity.Properties.Reflection.csproj", "{B9FF91B9-C6C7-E433-F72A-01B5C2913098}"
EndProject
Project("{FAE04EC0-301F-11D3-BF4B-00C04F79EFBC}") = "Unity.Burst", "Unity.Burst.csproj", "{04886B47-3223-FEF6-3449-6BABAD43FCA2}"
EndProject
Project("{FAE04EC0-301F-11D3-BF4B-00C04F79EFBC}") = "Unity.Properties.UI", "Unity.Properties.UI.csproj", "{D0595703-1713-8DD5-3F9C-435304E33E17}"
EndProject
Project("{FAE04EC0-301F-11D3-BF4B-00C04F79EFBC}") = "Unity.Properties", "Unity.Properties.csproj", "{A8E4BAA1-2A6B-27FE-B0A1-45AAC9277A1D}"
EndProject
Project("{FAE04EC0-301F-11D3-BF4B-00C04F79EFBC}") = "Unity.ScriptableBuildPipeline", "Unity.ScriptableBuildPipeline.csproj", "{E3586A86-F55C-A752-89DE-A4BB2F4C5548}"
EndProject
Project("{FAE04EC0-301F-11D3-BF4B-00C04F79EFBC}") = "Drawing", "Drawing.csproj", "{6CC41145-659A-02F6-C112-EB6E84970686}"
EndProject
Project("{FAE04EC0-301F-11D3-BF4B-00C04F79EFBC}") = "NavMeshComponentsExamples", "NavMeshComponentsExamples.csproj", "{733538A5-8FEC-5D51-B3A0-4EFD76CB956D}"
EndProject
Project("{FAE04EC0-301F-11D3-BF4B-00C04F79EFBC}") = "PackageTools", "PackageTools.csproj", "{E62EEFF5-DBF8-136A-92E2-32E03AA56655}"
EndProject
Project("{FAE04EC0-301F-11D3-BF4B-00C04F79EFBC}") = "Unity.InternalAPIEngineBridge.002", "Unity.InternalAPIEngineBridge.002.csproj", "{9DEE0F06-F014-9D74-E363-34DE87A39D57}"
EndProject
Project("{FAE04EC0-301F-11D3-BF4B-00C04F79EFBC}") = "Unity.Profiling.Core", "Unity.Profiling.Core.csproj", "{146DD9F0-F251-DFBF-044F-3891754D5DEC}"
EndProject
Project("{FAE04EC0-301F-11D3-BF4B-00C04F79EFBC}") = "Unity.Mathematics.Extensions", "Unity.Mathematics.Extensions.csproj", "{D85F875F-FF92-79B7-73FC-13577DE1369F}"
EndProject
Project("{FAE04EC0-301F-11D3-BF4B-00C04F79EFBC}") = "Unity.Platforms.Common", "Unity.Platforms.Common.csproj", "{41392E7E-D3CB-F99D-D9C2-19F4C578E787}"
EndProject
Project("{FAE04EC0-301F-11D3-BF4B-00C04F79EFBC}") = "NavMeshComponents", "NavMeshComponents.csproj", "{850B4845-11D3-D4E1-416E-FC45764AF59B}"
EndProject
Project("{FAE04EC0-301F-11D3-BF4B-00C04F79EFBC}") = "Unity.Mathematics.Extensions.Hybrid", "Unity.Mathematics.Extensions.Hybrid.csproj", "{5234C073-8A50-F85D-E1C8-878057EB6A39}"
EndProject
Project("{FAE04EC0-301F-11D3-BF4B-00C04F79EFBC}") = "Unity.InternalAPIEngineBridge.012", "Unity.InternalAPIEngineBridge.012.csproj", "{94D75928-88FC-EB7E-4107-99ADEA865E73}"
EndProject
Project("{FAE04EC0-301F-11D3-BF4B-00C04F79EFBC}") = "Unity.Entities.Hybrid.HybridComponents", "Unity.Entities.Hybrid.HybridComponents.csproj", "{B8933921-07D2-3E7B-3BC8-0C8CC76DC783}"
EndProject
Project("{FAE04EC0-301F-11D3-BF4B-00C04F79EFBC}") = "Unity.Jobs", "Unity.Jobs.csproj", "{1AF286CC-AFB2-6010-6979-453D6C9ED388}"
EndProject
Project("{FAE04EC0-301F-11D3-BF4B-00C04F79EFBC}") = "Unity.Deformations", "Unity.Deformations.csproj", "{D960B2E5-9983-FBA3-A40F-7A78CBB0E77D}"
EndProject
Project("{FAE04EC0-301F-11D3-BF4B-00C04F79EFBC}") = "Unity.VisualStudio.Editor", "Unity.VisualStudio.Editor.csproj", "{11870FAF-3C58-4118-C4D0-38D961A8BEA2}"
EndProject
Project("{FAE04EC0-301F-11D3-BF4B-00C04F79EFBC}") = "Unity.Timeline.Editor", "Unity.Timeline.Editor.csproj", "{0CE602FB-8819-5CAC-4D48-D6C0F2189273}"
EndProject
Project("{FAE04EC0-301F-11D3-BF4B-00C04F79EFBC}") = "Unity.Burst.CodeGen", "Unity.Burst.CodeGen.csproj", "{F0F5F1DB-6C92-E9E3-1BFE-88A73E4DD00C}"
EndProject
Project("{FAE04EC0-301F-11D3-BF4B-00C04F79EFBC}") = "Unity.Entities.Editor", "Unity.Entities.Editor.csproj", "{A57F7BB6-6499-E11F-F1AE-FC1574B76028}"
EndProject
Project("{FAE04EC0-301F-11D3-BF4B-00C04F79EFBC}") = "Unity.TextMeshPro.Editor", "Unity.TextMeshPro.Editor.csproj", "{DB1D9ABF-F4E3-6224-1338-85290C11B5A2}"
EndProject
Project("{FAE04EC0-301F-11D3-BF4B-00C04F79EFBC}") = "Unity.Build.Classic.Private", "Unity.Build.Classic.Private.csproj", "{4ECDB1EC-BA84-EA56-5173-19FE4D1E0220}"
EndProject
Project("{FAE04EC0-301F-11D3-BF4B-00C04F79EFBC}") = "Unity.Burst.Editor", "Unity.Burst.Editor.csproj", "{6460EFCF-3F24-FC13-ABE6-547D7FA5B570}"
EndProject
Project("{FAE04EC0-301F-11D3-BF4B-00C04F79EFBC}") = "Unity.Build", "Unity.Build.csproj", "{56C6349F-6401-F49B-17EE-D31D9EDF4780}"
EndProject
Project("{FAE04EC0-301F-11D3-BF4B-00C04F79EFBC}") = "UnityEditor.TestRunner", "UnityEditor.TestRunner.csproj", "{AAEBFB94-E389-05D7-F37B-24D892864109}"
EndProject
Project("{FAE04EC0-301F-11D3-BF4B-00C04F79EFBC}") = "Unity.Properties.UI.Editor", "Unity.Properties.UI.Editor.csproj", "{DD210496-F18D-AE72-8F1C-C0EB1D66D756}"
EndProject
Project("{FAE04EC0-301F-11D3-BF4B-00C04F79EFBC}") = "Unity.ScriptableBuildPipeline.Editor", "Unity.ScriptableBuildPipeline.Editor.csproj", "{8BF2E4E7-C56A-7731-F2D2-BF87F9F2C40B}"
EndProject
Project("{FAE04EC0-301F-11D3-BF4B-00C04F79EFBC}") = "Unity.Build.Internals", "Unity.Build.Internals.csproj", "{506B7CB2-BA18-E929-50CC-EFA419CD4C94}"
EndProject
Project("{FAE04EC0-301F-11D3-BF4B-00C04F79EFBC}") = "Unity.PerformanceTesting.Editor", "Unity.PerformanceTesting.Editor.csproj", "{DC2B0BE4-5C90-731C-E7F4-4285AD476EB1}"
EndProject
Project("{FAE04EC0-301F-11D3-BF4B-00C04F79EFBC}") = "Unity.Build.Editor", "Unity.Build.Editor.csproj", "{1D196BFF-3C21-4513-9A18-7A80812C37CB}"
EndProject
Project("{FAE04EC0-301F-11D3-BF4B-00C04F79EFBC}") = "Unity.Scenes.Editor", "Unity.Scenes.Editor.csproj", "{2F42A743-5B86-A2FF-D6C8-230E397721D3}"
EndProject
Project("{FAE04EC0-301F-11D3-BF4B-00C04F79EFBC}") = "Unity.Entities.CodeGen", "Unity.Entities.CodeGen.csproj", "{9A9007BA-B5B7-0C6A-B0FC-C15A6AA49A22}"
EndProject
Project("{FAE04EC0-301F-11D3-BF4B-00C04F79EFBC}") = "Unity.InternalAPIEditorBridge.002", "Unity.InternalAPIEditorBridge.002.csproj", "{CDA45D78-4A8F-F2BB-A885-C2B42D3FBD18}"
EndProject
Project("{FAE04EC0-301F-11D3-BF4B-00C04F79EFBC}") = "AstarPathfindingProjectEditor", "AstarPathfindingProjectEditor.csproj", "{B2B3A46C-8163-ECFF-EC62-5D8A44ECFF7A}"
EndProject
Project("{FAE04EC0-301F-11D3-BF4B-00C04F79EFBC}") = "Unity.Collections.Editor", "Unity.Collections.Editor.csproj", "{A420EE80-6EE6-FD41-41A4-F116E9EDE6FA}"
EndProject
Project("{FAE04EC0-301F-11D3-BF4B-00C04F79EFBC}") = "Unity.Entities.Editor.Properties", "Unity.Entities.Editor.Properties.csproj", "{40FC0642-C0B7-6E7F-63A2-9AE0A2F7C0FC}"
EndProject
Project("{FAE04EC0-301F-11D3-BF4B-00C04F79EFBC}") = "DrawingEditor", "DrawingEditor.csproj", "{837AC0E2-01F6-6181-DE40-1700D5363B2E}"
EndProject
Project("{FAE04EC0-301F-11D3-BF4B-00C04F79EFBC}") = "Unity.Properties.CodeGen", "Unity.Properties.CodeGen.csproj", "{C10F1332-6B37-37CC-0F4F-A913DE97E97E}"
EndProject
Project("{FAE04EC0-301F-11D3-BF4B-00C04F79EFBC}") = "Unity.Collections.DocCodeSamples", "Unity.Collections.DocCodeSamples.csproj", "{A96A8979-6AB3-3B72-F2AA-0D37F430CC20}"
EndProject
Project("{FAE04EC0-301F-11D3-BF4B-00C04F79EFBC}") = "Unity.Build.DotsRuntime", "Unity.Build.DotsRuntime.csproj", "{E2F92F36-B8D6-3524-286D-BB4C53BDBF4D}"
EndProject
Project("{FAE04EC0-301F-11D3-BF4B-00C04F79EFBC}") = "Unity.InternalAPIEditorBridge.012", "Unity.InternalAPIEditorBridge.012.csproj", "{4B53DE45-7467-A81A-F7C8-0A51E1A35C36}"
EndProject
Project("{FAE04EC0-301F-11D3-BF4B-00C04F79EFBC}") = "Unity.Mathematics.Editor", "Unity.Mathematics.Editor.csproj", "{47DC4343-146E-E163-9F2B-8D1ED40DED95}"
EndProject
Project("{FAE04EC0-301F-11D3-BF4B-00C04F79EFBC}") = "UnityEditor.CacheServer", "UnityEditor.CacheServer.csproj", "{EBCDA1FB-18F2-8A54-0F7F-587CA46C7E68}"
EndProject
Project("{FAE04EC0-301F-11D3-BF4B-00C04F79EFBC}") = "Unity.Collections.CodeGen", "Unity.Collections.CodeGen.csproj", "{DF699CC4-87FD-1F01-A199-F7570A029619}"
EndProject
Project("{FAE04EC0-301F-11D3-BF4B-00C04F79EFBC}") = "Unity.Entities.CodeGen.Tests.TestTypes", "Unity.Entities.CodeGen.Tests.TestTypes.csproj", "{8F62DB0E-5655-5906-85AF-6CFF00D0134D}"
EndProject
Project("{FAE04EC0-301F-11D3-BF4B-00C04F79EFBC}") = "Unity.Properties.Editor", "Unity.Properties.Editor.csproj", "{5C7D1268-85EF-58BC-4831-9FBDFF5936F3}"
EndProject
Project("{FAE04EC0-301F-11D3-BF4B-00C04F79EFBC}") = "AstarPackageToolsEditor", "AstarPackageToolsEditor.csproj", "{F31D7561-9801-849D-725C-59F9BB14300B}"
EndProject
Project("{FAE04EC0-301F-11D3-BF4B-00C04F79EFBC}") = "Unity.Entities.BuildUtils", "Unity.Entities.BuildUtils.csproj", "{03A5B50B-7853-FF1F-F087-36FF68D3E6EF}"
EndProject
Project("{FAE04EC0-301F-11D3-BF4B-00C04F79EFBC}") = "NavMeshComponentsTestsEditmode", "NavMeshComponentsTestsEditmode.csproj", "{44819B6E-816B-167D-7D5A-51B6EBCAF869}"
EndProject
Project("{FAE04EC0-301F-11D3-BF4B-00C04F79EFBC}") = "Unity.Build.Classic", "Unity.Build.Classic.csproj", "{7C4A9318-74BE-B98D-0C9D-20BE032DAF4C}"
EndProject
Project("{FAE04EC0-301F-11D3-BF4B-00C04F79EFBC}") = "Unity.Collections.BurstCompatibilityGen", "Unity.Collections.BurstCompatibilityGen.csproj", "{D2577CF4-50BA-6B5B-E5CE-5A56D41337CE}"
EndProject
Project("{FAE04EC0-301F-11D3-BF4B-00C04F79EFBC}") = "NavMeshComponentsEditor", "NavMeshComponentsEditor.csproj", "{574CAB99-EA0A-D1C9-CC89-8D059D47B8FB}"
EndProject
Project("{FAE04EC0-301F-11D3-BF4B-00C04F79EFBC}") = "Unity.Build.Playmode.TestRunner", "Unity.Build.Playmode.TestRunner.csproj", "{D3A431A9-BA28-5160-1839-E1BF8E4F3C7F}"
EndProject
Project("{FAE04EC0-301F-11D3-BF4B-00C04F79EFBC}") = "AstarPathfindingProjectExamplesEditor", "AstarPathfindingProjectExamplesEditor.csproj", "{22C89F9C-DDB9-8ED9-A6EF-7BAD8BCC52A7}"
EndProject
Project("{FAE04EC0-301F-11D3-BF4B-00C04F79EFBC}") = "Unity.Serialization.Editor", "Unity.Serialization.Editor.csproj", "{483E024E-35EC-BA84-88AB-0E5DD46E4C2F}"
EndProject
Project("{FAE04EC0-301F-11D3-BF4B-00C04F79EFBC}") = "NavMeshComponentsExamplesEditor", "NavMeshComponentsExamplesEditor.csproj", "{DA6B5C13-418F-B69F-444A-F1B5F5901E80}"
EndProject
Project("{FAE04EC0-301F-11D3-BF4B-00C04F79EFBC}") = "Unity.Jobs.CodeGen", "Unity.Jobs.CodeGen.csproj", "{638E4067-7CFF-89A4-4999-A99EB2F51D99}"
EndProject
Project("{FAE04EC0-301F-11D3-BF4B-00C04F79EFBC}") = "Unity.Entities.Hybrid.EndToEnd.Tests", "Unity.Entities.Hybrid.EndToEnd.Tests.csproj", "{2C663548-ABE7-01A4-FF5E-0057803A665E}"
EndProject
Project("{FAE04EC0-301F-11D3-BF4B-00C04F79EFBC}") = "DrawingPackageToolsEditor", "DrawingPackageToolsEditor.csproj", "{C54C9065-7E0B-54C8-2E7A-22BF3B00F404}"
EndProject
Project("{FAE04EC0-301F-11D3-BF4B-00C04F79EFBC}") = "Unity.Core.Editor", "Unity.Core.Editor.csproj", "{2CD2B27E-4FAF-83A3-DB7B-135F9DA4D4E5}"
EndProject
Global
	GlobalSection(SolutionConfigurationPlatforms) = preSolution
		Debug|Any CPU = Debug|Any CPU
		Release|Any CPU = Release|Any CPU
	EndGlobalSection
	GlobalSection(ProjectConfigurationPlatforms) = postSolution
		{AF12DB37-68C1-2DF5-300E-BD9D55767B7C}.Debug|Any CPU.ActiveCfg = Debug|Any CPU
		{AF12DB37-68C1-2DF5-300E-BD9D55767B7C}.Debug|Any CPU.Build.0 = Debug|Any CPU
		{AF12DB37-68C1-2DF5-300E-BD9D55767B7C}.Release|Any CPU.ActiveCfg = Release|Any CPU
		{AF12DB37-68C1-2DF5-300E-BD9D55767B7C}.Release|Any CPU.Build.0 = Release|Any CPU
		{2EE260F8-78E2-625D-C6EB-2274E75A9088}.Debug|Any CPU.ActiveCfg = Debug|Any CPU
		{2EE260F8-78E2-625D-C6EB-2274E75A9088}.Debug|Any CPU.Build.0 = Debug|Any CPU
		{2EE260F8-78E2-625D-C6EB-2274E75A9088}.Release|Any CPU.ActiveCfg = Release|Any CPU
		{2EE260F8-78E2-625D-C6EB-2274E75A9088}.Release|Any CPU.Build.0 = Release|Any CPU
		{C5979902-440A-A802-F9B4-CC1BC3135037}.Debug|Any CPU.ActiveCfg = Debug|Any CPU
		{C5979902-440A-A802-F9B4-CC1BC3135037}.Debug|Any CPU.Build.0 = Debug|Any CPU
		{C5979902-440A-A802-F9B4-CC1BC3135037}.Release|Any CPU.ActiveCfg = Release|Any CPU
		{C5979902-440A-A802-F9B4-CC1BC3135037}.Release|Any CPU.Build.0 = Release|Any CPU
		{CEB1FA88-482C-0531-94A0-99347F006A29}.Debug|Any CPU.ActiveCfg = Debug|Any CPU
		{CEB1FA88-482C-0531-94A0-99347F006A29}.Debug|Any CPU.Build.0 = Debug|Any CPU
		{CEB1FA88-482C-0531-94A0-99347F006A29}.Release|Any CPU.ActiveCfg = Release|Any CPU
		{CEB1FA88-482C-0531-94A0-99347F006A29}.Release|Any CPU.Build.0 = Release|Any CPU
		{698E86A9-692A-EA08-7EED-3793DBC7A20A}.Debug|Any CPU.ActiveCfg = Debug|Any CPU
		{698E86A9-692A-EA08-7EED-3793DBC7A20A}.Debug|Any CPU.Build.0 = Debug|Any CPU
		{698E86A9-692A-EA08-7EED-3793DBC7A20A}.Release|Any CPU.ActiveCfg = Release|Any CPU
		{698E86A9-692A-EA08-7EED-3793DBC7A20A}.Release|Any CPU.Build.0 = Release|Any CPU
		{83EFCCF7-E431-1FFA-64FE-D8C28D377B5E}.Debug|Any CPU.ActiveCfg = Debug|Any CPU
		{83EFCCF7-E431-1FFA-64FE-D8C28D377B5E}.Debug|Any CPU.Build.0 = Debug|Any CPU
		{83EFCCF7-E431-1FFA-64FE-D8C28D377B5E}.Release|Any CPU.ActiveCfg = Release|Any CPU
		{83EFCCF7-E431-1FFA-64FE-D8C28D377B5E}.Release|Any CPU.Build.0 = Release|Any CPU
		{4477B5F0-69E4-F221-3D71-658F646CEB37}.Debug|Any CPU.ActiveCfg = Debug|Any CPU
		{4477B5F0-69E4-F221-3D71-658F646CEB37}.Debug|Any CPU.Build.0 = Debug|Any CPU
		{4477B5F0-69E4-F221-3D71-658F646CEB37}.Release|Any CPU.ActiveCfg = Release|Any CPU
		{4477B5F0-69E4-F221-3D71-658F646CEB37}.Release|Any CPU.Build.0 = Release|Any CPU
		{11F33442-3B1A-CEE4-2CC7-F59CCDBE6C82}.Debug|Any CPU.ActiveCfg = Debug|Any CPU
		{11F33442-3B1A-CEE4-2CC7-F59CCDBE6C82}.Debug|Any CPU.Build.0 = Debug|Any CPU
		{11F33442-3B1A-CEE4-2CC7-F59CCDBE6C82}.Release|Any CPU.ActiveCfg = Release|Any CPU
		{11F33442-3B1A-CEE4-2CC7-F59CCDBE6C82}.Release|Any CPU.Build.0 = Release|Any CPU
		{66DD1236-60F4-729C-E2F9-0F7D6290645F}.Debug|Any CPU.ActiveCfg = Debug|Any CPU
		{66DD1236-60F4-729C-E2F9-0F7D6290645F}.Debug|Any CPU.Build.0 = Debug|Any CPU
		{66DD1236-60F4-729C-E2F9-0F7D6290645F}.Release|Any CPU.ActiveCfg = Release|Any CPU
		{66DD1236-60F4-729C-E2F9-0F7D6290645F}.Release|Any CPU.Build.0 = Release|Any CPU
		{8843CBF5-F0D0-EBD5-AE2D-D01FCBABDE00}.Debug|Any CPU.ActiveCfg = Debug|Any CPU
		{8843CBF5-F0D0-EBD5-AE2D-D01FCBABDE00}.Debug|Any CPU.Build.0 = Debug|Any CPU
		{8843CBF5-F0D0-EBD5-AE2D-D01FCBABDE00}.Release|Any CPU.ActiveCfg = Release|Any CPU
		{8843CBF5-F0D0-EBD5-AE2D-D01FCBABDE00}.Release|Any CPU.Build.0 = Release|Any CPU
		{CA48C0A4-C765-0CF7-82B7-B8882470A070}.Debug|Any CPU.ActiveCfg = Debug|Any CPU
		{CA48C0A4-C765-0CF7-82B7-B8882470A070}.Debug|Any CPU.Build.0 = Debug|Any CPU
		{CA48C0A4-C765-0CF7-82B7-B8882470A070}.Release|Any CPU.ActiveCfg = Release|Any CPU
		{CA48C0A4-C765-0CF7-82B7-B8882470A070}.Release|Any CPU.Build.0 = Release|Any CPU
		{5E81ED28-8B2C-A93E-9DD7-77AE94915D9B}.Debug|Any CPU.ActiveCfg = Debug|Any CPU
		{5E81ED28-8B2C-A93E-9DD7-77AE94915D9B}.Debug|Any CPU.Build.0 = Debug|Any CPU
		{5E81ED28-8B2C-A93E-9DD7-77AE94915D9B}.Release|Any CPU.ActiveCfg = Release|Any CPU
		{5E81ED28-8B2C-A93E-9DD7-77AE94915D9B}.Release|Any CPU.Build.0 = Release|Any CPU
		{5A39E152-53E6-1603-E6D1-12D04122669C}.Debug|Any CPU.ActiveCfg = Debug|Any CPU
		{5A39E152-53E6-1603-E6D1-12D04122669C}.Debug|Any CPU.Build.0 = Debug|Any CPU
		{5A39E152-53E6-1603-E6D1-12D04122669C}.Release|Any CPU.ActiveCfg = Release|Any CPU
		{5A39E152-53E6-1603-E6D1-12D04122669C}.Release|Any CPU.Build.0 = Release|Any CPU
		{217FDC23-A597-0911-CD8F-BC2A1B797483}.Debug|Any CPU.ActiveCfg = Debug|Any CPU
		{217FDC23-A597-0911-CD8F-BC2A1B797483}.Debug|Any CPU.Build.0 = Debug|Any CPU
		{217FDC23-A597-0911-CD8F-BC2A1B797483}.Release|Any CPU.ActiveCfg = Release|Any CPU
		{217FDC23-A597-0911-CD8F-BC2A1B797483}.Release|Any CPU.Build.0 = Release|Any CPU
		{A0487E1A-9671-8641-A665-2849F66A92F7}.Debug|Any CPU.ActiveCfg = Debug|Any CPU
		{A0487E1A-9671-8641-A665-2849F66A92F7}.Debug|Any CPU.Build.0 = Debug|Any CPU
		{A0487E1A-9671-8641-A665-2849F66A92F7}.Release|Any CPU.ActiveCfg = Release|Any CPU
		{A0487E1A-9671-8641-A665-2849F66A92F7}.Release|Any CPU.Build.0 = Release|Any CPU
		{D7D8CDF2-255D-C917-04B4-22F2BA6DE31A}.Debug|Any CPU.ActiveCfg = Debug|Any CPU
		{D7D8CDF2-255D-C917-04B4-22F2BA6DE31A}.Debug|Any CPU.Build.0 = Debug|Any CPU
		{D7D8CDF2-255D-C917-04B4-22F2BA6DE31A}.Release|Any CPU.ActiveCfg = Release|Any CPU
		{D7D8CDF2-255D-C917-04B4-22F2BA6DE31A}.Release|Any CPU.Build.0 = Release|Any CPU
		{B9FF91B9-C6C7-E433-F72A-01B5C2913098}.Debug|Any CPU.ActiveCfg = Debug|Any CPU
		{B9FF91B9-C6C7-E433-F72A-01B5C2913098}.Debug|Any CPU.Build.0 = Debug|Any CPU
		{B9FF91B9-C6C7-E433-F72A-01B5C2913098}.Release|Any CPU.ActiveCfg = Release|Any CPU
		{B9FF91B9-C6C7-E433-F72A-01B5C2913098}.Release|Any CPU.Build.0 = Release|Any CPU
		{04886B47-3223-FEF6-3449-6BABAD43FCA2}.Debug|Any CPU.ActiveCfg = Debug|Any CPU
		{04886B47-3223-FEF6-3449-6BABAD43FCA2}.Debug|Any CPU.Build.0 = Debug|Any CPU
		{04886B47-3223-FEF6-3449-6BABAD43FCA2}.Release|Any CPU.ActiveCfg = Release|Any CPU
		{04886B47-3223-FEF6-3449-6BABAD43FCA2}.Release|Any CPU.Build.0 = Release|Any CPU
		{D0595703-1713-8DD5-3F9C-435304E33E17}.Debug|Any CPU.ActiveCfg = Debug|Any CPU
		{D0595703-1713-8DD5-3F9C-435304E33E17}.Debug|Any CPU.Build.0 = Debug|Any CPU
		{D0595703-1713-8DD5-3F9C-435304E33E17}.Release|Any CPU.ActiveCfg = Release|Any CPU
		{D0595703-1713-8DD5-3F9C-435304E33E17}.Release|Any CPU.Build.0 = Release|Any CPU
		{A8E4BAA1-2A6B-27FE-B0A1-45AAC9277A1D}.Debug|Any CPU.ActiveCfg = Debug|Any CPU
		{A8E4BAA1-2A6B-27FE-B0A1-45AAC9277A1D}.Debug|Any CPU.Build.0 = Debug|Any CPU
		{A8E4BAA1-2A6B-27FE-B0A1-45AAC9277A1D}.Release|Any CPU.ActiveCfg = Release|Any CPU
		{A8E4BAA1-2A6B-27FE-B0A1-45AAC9277A1D}.Release|Any CPU.Build.0 = Release|Any CPU
		{E3586A86-F55C-A752-89DE-A4BB2F4C5548}.Debug|Any CPU.ActiveCfg = Debug|Any CPU
		{E3586A86-F55C-A752-89DE-A4BB2F4C5548}.Debug|Any CPU.Build.0 = Debug|Any CPU
		{E3586A86-F55C-A752-89DE-A4BB2F4C5548}.Release|Any CPU.ActiveCfg = Release|Any CPU
		{E3586A86-F55C-A752-89DE-A4BB2F4C5548}.Release|Any CPU.Build.0 = Release|Any CPU
		{6CC41145-659A-02F6-C112-EB6E84970686}.Debug|Any CPU.ActiveCfg = Debug|Any CPU
		{6CC41145-659A-02F6-C112-EB6E84970686}.Debug|Any CPU.Build.0 = Debug|Any CPU
		{6CC41145-659A-02F6-C112-EB6E84970686}.Release|Any CPU.ActiveCfg = Release|Any CPU
		{6CC41145-659A-02F6-C112-EB6E84970686}.Release|Any CPU.Build.0 = Release|Any CPU
		{733538A5-8FEC-5D51-B3A0-4EFD76CB956D}.Debug|Any CPU.ActiveCfg = Debug|Any CPU
		{733538A5-8FEC-5D51-B3A0-4EFD76CB956D}.Debug|Any CPU.Build.0 = Debug|Any CPU
		{733538A5-8FEC-5D51-B3A0-4EFD76CB956D}.Release|Any CPU.ActiveCfg = Release|Any CPU
		{733538A5-8FEC-5D51-B3A0-4EFD76CB956D}.Release|Any CPU.Build.0 = Release|Any CPU
		{E62EEFF5-DBF8-136A-92E2-32E03AA56655}.Debug|Any CPU.ActiveCfg = Debug|Any CPU
		{E62EEFF5-DBF8-136A-92E2-32E03AA56655}.Debug|Any CPU.Build.0 = Debug|Any CPU
		{E62EEFF5-DBF8-136A-92E2-32E03AA56655}.Release|Any CPU.ActiveCfg = Release|Any CPU
		{E62EEFF5-DBF8-136A-92E2-32E03AA56655}.Release|Any CPU.Build.0 = Release|Any CPU
		{9DEE0F06-F014-9D74-E363-34DE87A39D57}.Debug|Any CPU.ActiveCfg = Debug|Any CPU
		{9DEE0F06-F014-9D74-E363-34DE87A39D57}.Debug|Any CPU.Build.0 = Debug|Any CPU
		{9DEE0F06-F014-9D74-E363-34DE87A39D57}.Release|Any CPU.ActiveCfg = Release|Any CPU
		{9DEE0F06-F014-9D74-E363-34DE87A39D57}.Release|Any CPU.Build.0 = Release|Any CPU
		{146DD9F0-F251-DFBF-044F-3891754D5DEC}.Debug|Any CPU.ActiveCfg = Debug|Any CPU
		{146DD9F0-F251-DFBF-044F-3891754D5DEC}.Debug|Any CPU.Build.0 = Debug|Any CPU
		{146DD9F0-F251-DFBF-044F-3891754D5DEC}.Release|Any CPU.ActiveCfg = Release|Any CPU
		{146DD9F0-F251-DFBF-044F-3891754D5DEC}.Release|Any CPU.Build.0 = Release|Any CPU
		{D85F875F-FF92-79B7-73FC-13577DE1369F}.Debug|Any CPU.ActiveCfg = Debug|Any CPU
		{D85F875F-FF92-79B7-73FC-13577DE1369F}.Debug|Any CPU.Build.0 = Debug|Any CPU
		{D85F875F-FF92-79B7-73FC-13577DE1369F}.Release|Any CPU.ActiveCfg = Release|Any CPU
		{D85F875F-FF92-79B7-73FC-13577DE1369F}.Release|Any CPU.Build.0 = Release|Any CPU
		{41392E7E-D3CB-F99D-D9C2-19F4C578E787}.Debug|Any CPU.ActiveCfg = Debug|Any CPU
		{41392E7E-D3CB-F99D-D9C2-19F4C578E787}.Debug|Any CPU.Build.0 = Debug|Any CPU
		{41392E7E-D3CB-F99D-D9C2-19F4C578E787}.Release|Any CPU.ActiveCfg = Release|Any CPU
		{41392E7E-D3CB-F99D-D9C2-19F4C578E787}.Release|Any CPU.Build.0 = Release|Any CPU
		{850B4845-11D3-D4E1-416E-FC45764AF59B}.Debug|Any CPU.ActiveCfg = Debug|Any CPU
		{850B4845-11D3-D4E1-416E-FC45764AF59B}.Debug|Any CPU.Build.0 = Debug|Any CPU
		{850B4845-11D3-D4E1-416E-FC45764AF59B}.Release|Any CPU.ActiveCfg = Release|Any CPU
		{850B4845-11D3-D4E1-416E-FC45764AF59B}.Release|Any CPU.Build.0 = Release|Any CPU
		{5234C073-8A50-F85D-E1C8-878057EB6A39}.Debug|Any CPU.ActiveCfg = Debug|Any CPU
		{5234C073-8A50-F85D-E1C8-878057EB6A39}.Debug|Any CPU.Build.0 = Debug|Any CPU
		{5234C073-8A50-F85D-E1C8-878057EB6A39}.Release|Any CPU.ActiveCfg = Release|Any CPU
		{5234C073-8A50-F85D-E1C8-878057EB6A39}.Release|Any CPU.Build.0 = Release|Any CPU
		{94D75928-88FC-EB7E-4107-99ADEA865E73}.Debug|Any CPU.ActiveCfg = Debug|Any CPU
		{94D75928-88FC-EB7E-4107-99ADEA865E73}.Debug|Any CPU.Build.0 = Debug|Any CPU
		{94D75928-88FC-EB7E-4107-99ADEA865E73}.Release|Any CPU.ActiveCfg = Release|Any CPU
		{94D75928-88FC-EB7E-4107-99ADEA865E73}.Release|Any CPU.Build.0 = Release|Any CPU
		{B8933921-07D2-3E7B-3BC8-0C8CC76DC783}.Debug|Any CPU.ActiveCfg = Debug|Any CPU
		{B8933921-07D2-3E7B-3BC8-0C8CC76DC783}.Debug|Any CPU.Build.0 = Debug|Any CPU
		{B8933921-07D2-3E7B-3BC8-0C8CC76DC783}.Release|Any CPU.ActiveCfg = Release|Any CPU
		{B8933921-07D2-3E7B-3BC8-0C8CC76DC783}.Release|Any CPU.Build.0 = Release|Any CPU
		{1AF286CC-AFB2-6010-6979-453D6C9ED388}.Debug|Any CPU.ActiveCfg = Debug|Any CPU
		{1AF286CC-AFB2-6010-6979-453D6C9ED388}.Debug|Any CPU.Build.0 = Debug|Any CPU
		{1AF286CC-AFB2-6010-6979-453D6C9ED388}.Release|Any CPU.ActiveCfg = Release|Any CPU
		{1AF286CC-AFB2-6010-6979-453D6C9ED388}.Release|Any CPU.Build.0 = Release|Any CPU
		{D960B2E5-9983-FBA3-A40F-7A78CBB0E77D}.Debug|Any CPU.ActiveCfg = Debug|Any CPU
		{D960B2E5-9983-FBA3-A40F-7A78CBB0E77D}.Debug|Any CPU.Build.0 = Debug|Any CPU
		{D960B2E5-9983-FBA3-A40F-7A78CBB0E77D}.Release|Any CPU.ActiveCfg = Release|Any CPU
		{D960B2E5-9983-FBA3-A40F-7A78CBB0E77D}.Release|Any CPU.Build.0 = Release|Any CPU
		{11870FAF-3C58-4118-C4D0-38D961A8BEA2}.Debug|Any CPU.ActiveCfg = Debug|Any CPU
		{11870FAF-3C58-4118-C4D0-38D961A8BEA2}.Debug|Any CPU.Build.0 = Debug|Any CPU
		{11870FAF-3C58-4118-C4D0-38D961A8BEA2}.Release|Any CPU.ActiveCfg = Release|Any CPU
		{11870FAF-3C58-4118-C4D0-38D961A8BEA2}.Release|Any CPU.Build.0 = Release|Any CPU
		{0CE602FB-8819-5CAC-4D48-D6C0F2189273}.Debug|Any CPU.ActiveCfg = Debug|Any CPU
		{0CE602FB-8819-5CAC-4D48-D6C0F2189273}.Debug|Any CPU.Build.0 = Debug|Any CPU
		{0CE602FB-8819-5CAC-4D48-D6C0F2189273}.Release|Any CPU.ActiveCfg = Release|Any CPU
		{0CE602FB-8819-5CAC-4D48-D6C0F2189273}.Release|Any CPU.Build.0 = Release|Any CPU
		{F0F5F1DB-6C92-E9E3-1BFE-88A73E4DD00C}.Debug|Any CPU.ActiveCfg = Debug|Any CPU
		{F0F5F1DB-6C92-E9E3-1BFE-88A73E4DD00C}.Debug|Any CPU.Build.0 = Debug|Any CPU
		{F0F5F1DB-6C92-E9E3-1BFE-88A73E4DD00C}.Release|Any CPU.ActiveCfg = Release|Any CPU
		{F0F5F1DB-6C92-E9E3-1BFE-88A73E4DD00C}.Release|Any CPU.Build.0 = Release|Any CPU
		{A57F7BB6-6499-E11F-F1AE-FC1574B76028}.Debug|Any CPU.ActiveCfg = Debug|Any CPU
		{A57F7BB6-6499-E11F-F1AE-FC1574B76028}.Debug|Any CPU.Build.0 = Debug|Any CPU
		{A57F7BB6-6499-E11F-F1AE-FC1574B76028}.Release|Any CPU.ActiveCfg = Release|Any CPU
		{A57F7BB6-6499-E11F-F1AE-FC1574B76028}.Release|Any CPU.Build.0 = Release|Any CPU
		{DB1D9ABF-F4E3-6224-1338-85290C11B5A2}.Debug|Any CPU.ActiveCfg = Debug|Any CPU
		{DB1D9ABF-F4E3-6224-1338-85290C11B5A2}.Debug|Any CPU.Build.0 = Debug|Any CPU
		{DB1D9ABF-F4E3-6224-1338-85290C11B5A2}.Release|Any CPU.ActiveCfg = Release|Any CPU
		{DB1D9ABF-F4E3-6224-1338-85290C11B5A2}.Release|Any CPU.Build.0 = Release|Any CPU
		{4ECDB1EC-BA84-EA56-5173-19FE4D1E0220}.Debug|Any CPU.ActiveCfg = Debug|Any CPU
		{4ECDB1EC-BA84-EA56-5173-19FE4D1E0220}.Debug|Any CPU.Build.0 = Debug|Any CPU
		{4ECDB1EC-BA84-EA56-5173-19FE4D1E0220}.Release|Any CPU.ActiveCfg = Release|Any CPU
		{4ECDB1EC-BA84-EA56-5173-19FE4D1E0220}.Release|Any CPU.Build.0 = Release|Any CPU
		{6460EFCF-3F24-FC13-ABE6-547D7FA5B570}.Debug|Any CPU.ActiveCfg = Debug|Any CPU
		{6460EFCF-3F24-FC13-ABE6-547D7FA5B570}.Debug|Any CPU.Build.0 = Debug|Any CPU
		{6460EFCF-3F24-FC13-ABE6-547D7FA5B570}.Release|Any CPU.ActiveCfg = Release|Any CPU
		{6460EFCF-3F24-FC13-ABE6-547D7FA5B570}.Release|Any CPU.Build.0 = Release|Any CPU
		{56C6349F-6401-F49B-17EE-D31D9EDF4780}.Debug|Any CPU.ActiveCfg = Debug|Any CPU
		{56C6349F-6401-F49B-17EE-D31D9EDF4780}.Debug|Any CPU.Build.0 = Debug|Any CPU
		{56C6349F-6401-F49B-17EE-D31D9EDF4780}.Release|Any CPU.ActiveCfg = Release|Any CPU
		{56C6349F-6401-F49B-17EE-D31D9EDF4780}.Release|Any CPU.Build.0 = Release|Any CPU
		{AAEBFB94-E389-05D7-F37B-24D892864109}.Debug|Any CPU.ActiveCfg = Debug|Any CPU
		{AAEBFB94-E389-05D7-F37B-24D892864109}.Debug|Any CPU.Build.0 = Debug|Any CPU
		{AAEBFB94-E389-05D7-F37B-24D892864109}.Release|Any CPU.ActiveCfg = Release|Any CPU
		{AAEBFB94-E389-05D7-F37B-24D892864109}.Release|Any CPU.Build.0 = Release|Any CPU
		{DD210496-F18D-AE72-8F1C-C0EB1D66D756}.Debug|Any CPU.ActiveCfg = Debug|Any CPU
		{DD210496-F18D-AE72-8F1C-C0EB1D66D756}.Debug|Any CPU.Build.0 = Debug|Any CPU
		{DD210496-F18D-AE72-8F1C-C0EB1D66D756}.Release|Any CPU.ActiveCfg = Release|Any CPU
		{DD210496-F18D-AE72-8F1C-C0EB1D66D756}.Release|Any CPU.Build.0 = Release|Any CPU
		{8BF2E4E7-C56A-7731-F2D2-BF87F9F2C40B}.Debug|Any CPU.ActiveCfg = Debug|Any CPU
		{8BF2E4E7-C56A-7731-F2D2-BF87F9F2C40B}.Debug|Any CPU.Build.0 = Debug|Any CPU
		{8BF2E4E7-C56A-7731-F2D2-BF87F9F2C40B}.Release|Any CPU.ActiveCfg = Release|Any CPU
		{8BF2E4E7-C56A-7731-F2D2-BF87F9F2C40B}.Release|Any CPU.Build.0 = Release|Any CPU
		{506B7CB2-BA18-E929-50CC-EFA419CD4C94}.Debug|Any CPU.ActiveCfg = Debug|Any CPU
		{506B7CB2-BA18-E929-50CC-EFA419CD4C94}.Debug|Any CPU.Build.0 = Debug|Any CPU
		{506B7CB2-BA18-E929-50CC-EFA419CD4C94}.Release|Any CPU.ActiveCfg = Release|Any CPU
		{506B7CB2-BA18-E929-50CC-EFA419CD4C94}.Release|Any CPU.Build.0 = Release|Any CPU
		{DC2B0BE4-5C90-731C-E7F4-4285AD476EB1}.Debug|Any CPU.ActiveCfg = Debug|Any CPU
		{DC2B0BE4-5C90-731C-E7F4-4285AD476EB1}.Debug|Any CPU.Build.0 = Debug|Any CPU
		{DC2B0BE4-5C90-731C-E7F4-4285AD476EB1}.Release|Any CPU.ActiveCfg = Release|Any CPU
		{DC2B0BE4-5C90-731C-E7F4-4285AD476EB1}.Release|Any CPU.Build.0 = Release|Any CPU
		{1D196BFF-3C21-4513-9A18-7A80812C37CB}.Debug|Any CPU.ActiveCfg = Debug|Any CPU
		{1D196BFF-3C21-4513-9A18-7A80812C37CB}.Debug|Any CPU.Build.0 = Debug|Any CPU
		{1D196BFF-3C21-4513-9A18-7A80812C37CB}.Release|Any CPU.ActiveCfg = Release|Any CPU
		{1D196BFF-3C21-4513-9A18-7A80812C37CB}.Release|Any CPU.Build.0 = Release|Any CPU
		{2F42A743-5B86-A2FF-D6C8-230E397721D3}.Debug|Any CPU.ActiveCfg = Debug|Any CPU
		{2F42A743-5B86-A2FF-D6C8-230E397721D3}.Debug|Any CPU.Build.0 = Debug|Any CPU
		{2F42A743-5B86-A2FF-D6C8-230E397721D3}.Release|Any CPU.ActiveCfg = Release|Any CPU
		{2F42A743-5B86-A2FF-D6C8-230E397721D3}.Release|Any CPU.Build.0 = Release|Any CPU
		{9A9007BA-B5B7-0C6A-B0FC-C15A6AA49A22}.Debug|Any CPU.ActiveCfg = Debug|Any CPU
		{9A9007BA-B5B7-0C6A-B0FC-C15A6AA49A22}.Debug|Any CPU.Build.0 = Debug|Any CPU
		{9A9007BA-B5B7-0C6A-B0FC-C15A6AA49A22}.Release|Any CPU.ActiveCfg = Release|Any CPU
		{9A9007BA-B5B7-0C6A-B0FC-C15A6AA49A22}.Release|Any CPU.Build.0 = Release|Any CPU
		{CDA45D78-4A8F-F2BB-A885-C2B42D3FBD18}.Debug|Any CPU.ActiveCfg = Debug|Any CPU
		{CDA45D78-4A8F-F2BB-A885-C2B42D3FBD18}.Debug|Any CPU.Build.0 = Debug|Any CPU
		{CDA45D78-4A8F-F2BB-A885-C2B42D3FBD18}.Release|Any CPU.ActiveCfg = Release|Any CPU
		{CDA45D78-4A8F-F2BB-A885-C2B42D3FBD18}.Release|Any CPU.Build.0 = Release|Any CPU
		{B2B3A46C-8163-ECFF-EC62-5D8A44ECFF7A}.Debug|Any CPU.ActiveCfg = Debug|Any CPU
		{B2B3A46C-8163-ECFF-EC62-5D8A44ECFF7A}.Debug|Any CPU.Build.0 = Debug|Any CPU
		{B2B3A46C-8163-ECFF-EC62-5D8A44ECFF7A}.Release|Any CPU.ActiveCfg = Release|Any CPU
		{B2B3A46C-8163-ECFF-EC62-5D8A44ECFF7A}.Release|Any CPU.Build.0 = Release|Any CPU
		{A420EE80-6EE6-FD41-41A4-F116E9EDE6FA}.Debug|Any CPU.ActiveCfg = Debug|Any CPU
		{A420EE80-6EE6-FD41-41A4-F116E9EDE6FA}.Debug|Any CPU.Build.0 = Debug|Any CPU
		{A420EE80-6EE6-FD41-41A4-F116E9EDE6FA}.Release|Any CPU.ActiveCfg = Release|Any CPU
		{A420EE80-6EE6-FD41-41A4-F116E9EDE6FA}.Release|Any CPU.Build.0 = Release|Any CPU
		{40FC0642-C0B7-6E7F-63A2-9AE0A2F7C0FC}.Debug|Any CPU.ActiveCfg = Debug|Any CPU
		{40FC0642-C0B7-6E7F-63A2-9AE0A2F7C0FC}.Debug|Any CPU.Build.0 = Debug|Any CPU
		{40FC0642-C0B7-6E7F-63A2-9AE0A2F7C0FC}.Release|Any CPU.ActiveCfg = Release|Any CPU
		{40FC0642-C0B7-6E7F-63A2-9AE0A2F7C0FC}.Release|Any CPU.Build.0 = Release|Any CPU
		{837AC0E2-01F6-6181-DE40-1700D5363B2E}.Debug|Any CPU.ActiveCfg = Debug|Any CPU
		{837AC0E2-01F6-6181-DE40-1700D5363B2E}.Debug|Any CPU.Build.0 = Debug|Any CPU
		{837AC0E2-01F6-6181-DE40-1700D5363B2E}.Release|Any CPU.ActiveCfg = Release|Any CPU
		{837AC0E2-01F6-6181-DE40-1700D5363B2E}.Release|Any CPU.Build.0 = Release|Any CPU
		{C10F1332-6B37-37CC-0F4F-A913DE97E97E}.Debug|Any CPU.ActiveCfg = Debug|Any CPU
		{C10F1332-6B37-37CC-0F4F-A913DE97E97E}.Debug|Any CPU.Build.0 = Debug|Any CPU
		{C10F1332-6B37-37CC-0F4F-A913DE97E97E}.Release|Any CPU.ActiveCfg = Release|Any CPU
		{C10F1332-6B37-37CC-0F4F-A913DE97E97E}.Release|Any CPU.Build.0 = Release|Any CPU
		{A96A8979-6AB3-3B72-F2AA-0D37F430CC20}.Debug|Any CPU.ActiveCfg = Debug|Any CPU
		{A96A8979-6AB3-3B72-F2AA-0D37F430CC20}.Debug|Any CPU.Build.0 = Debug|Any CPU
		{A96A8979-6AB3-3B72-F2AA-0D37F430CC20}.Release|Any CPU.ActiveCfg = Release|Any CPU
		{A96A8979-6AB3-3B72-F2AA-0D37F430CC20}.Release|Any CPU.Build.0 = Release|Any CPU
		{E2F92F36-B8D6-3524-286D-BB4C53BDBF4D}.Debug|Any CPU.ActiveCfg = Debug|Any CPU
		{E2F92F36-B8D6-3524-286D-BB4C53BDBF4D}.Debug|Any CPU.Build.0 = Debug|Any CPU
		{E2F92F36-B8D6-3524-286D-BB4C53BDBF4D}.Release|Any CPU.ActiveCfg = Release|Any CPU
		{E2F92F36-B8D6-3524-286D-BB4C53BDBF4D}.Release|Any CPU.Build.0 = Release|Any CPU
		{4B53DE45-7467-A81A-F7C8-0A51E1A35C36}.Debug|Any CPU.ActiveCfg = Debug|Any CPU
		{4B53DE45-7467-A81A-F7C8-0A51E1A35C36}.Debug|Any CPU.Build.0 = Debug|Any CPU
		{4B53DE45-7467-A81A-F7C8-0A51E1A35C36}.Release|Any CPU.ActiveCfg = Release|Any CPU
		{4B53DE45-7467-A81A-F7C8-0A51E1A35C36}.Release|Any CPU.Build.0 = Release|Any CPU
		{47DC4343-146E-E163-9F2B-8D1ED40DED95}.Debug|Any CPU.ActiveCfg = Debug|Any CPU
		{47DC4343-146E-E163-9F2B-8D1ED40DED95}.Debug|Any CPU.Build.0 = Debug|Any CPU
		{47DC4343-146E-E163-9F2B-8D1ED40DED95}.Release|Any CPU.ActiveCfg = Release|Any CPU
		{47DC4343-146E-E163-9F2B-8D1ED40DED95}.Release|Any CPU.Build.0 = Release|Any CPU
		{EBCDA1FB-18F2-8A54-0F7F-587CA46C7E68}.Debug|Any CPU.ActiveCfg = Debug|Any CPU
		{EBCDA1FB-18F2-8A54-0F7F-587CA46C7E68}.Debug|Any CPU.Build.0 = Debug|Any CPU
		{EBCDA1FB-18F2-8A54-0F7F-587CA46C7E68}.Release|Any CPU.ActiveCfg = Release|Any CPU
		{EBCDA1FB-18F2-8A54-0F7F-587CA46C7E68}.Release|Any CPU.Build.0 = Release|Any CPU
		{DF699CC4-87FD-1F01-A199-F7570A029619}.Debug|Any CPU.ActiveCfg = Debug|Any CPU
		{DF699CC4-87FD-1F01-A199-F7570A029619}.Debug|Any CPU.Build.0 = Debug|Any CPU
		{DF699CC4-87FD-1F01-A199-F7570A029619}.Release|Any CPU.ActiveCfg = Release|Any CPU
		{DF699CC4-87FD-1F01-A199-F7570A029619}.Release|Any CPU.Build.0 = Release|Any CPU
		{8F62DB0E-5655-5906-85AF-6CFF00D0134D}.Debug|Any CPU.ActiveCfg = Debug|Any CPU
		{8F62DB0E-5655-5906-85AF-6CFF00D0134D}.Debug|Any CPU.Build.0 = Debug|Any CPU
		{8F62DB0E-5655-5906-85AF-6CFF00D0134D}.Release|Any CPU.ActiveCfg = Release|Any CPU
		{8F62DB0E-5655-5906-85AF-6CFF00D0134D}.Release|Any CPU.Build.0 = Release|Any CPU
		{5C7D1268-85EF-58BC-4831-9FBDFF5936F3}.Debug|Any CPU.ActiveCfg = Debug|Any CPU
		{5C7D1268-85EF-58BC-4831-9FBDFF5936F3}.Debug|Any CPU.Build.0 = Debug|Any CPU
		{5C7D1268-85EF-58BC-4831-9FBDFF5936F3}.Release|Any CPU.ActiveCfg = Release|Any CPU
		{5C7D1268-85EF-58BC-4831-9FBDFF5936F3}.Release|Any CPU.Build.0 = Release|Any CPU
		{F31D7561-9801-849D-725C-59F9BB14300B}.Debug|Any CPU.ActiveCfg = Debug|Any CPU
		{F31D7561-9801-849D-725C-59F9BB14300B}.Debug|Any CPU.Build.0 = Debug|Any CPU
		{F31D7561-9801-849D-725C-59F9BB14300B}.Release|Any CPU.ActiveCfg = Release|Any CPU
		{F31D7561-9801-849D-725C-59F9BB14300B}.Release|Any CPU.Build.0 = Release|Any CPU
		{03A5B50B-7853-FF1F-F087-36FF68D3E6EF}.Debug|Any CPU.ActiveCfg = Debug|Any CPU
		{03A5B50B-7853-FF1F-F087-36FF68D3E6EF}.Debug|Any CPU.Build.0 = Debug|Any CPU
		{03A5B50B-7853-FF1F-F087-36FF68D3E6EF}.Release|Any CPU.ActiveCfg = Release|Any CPU
		{03A5B50B-7853-FF1F-F087-36FF68D3E6EF}.Release|Any CPU.Build.0 = Release|Any CPU
		{44819B6E-816B-167D-7D5A-51B6EBCAF869}.Debug|Any CPU.ActiveCfg = Debug|Any CPU
		{44819B6E-816B-167D-7D5A-51B6EBCAF869}.Debug|Any CPU.Build.0 = Debug|Any CPU
		{44819B6E-816B-167D-7D5A-51B6EBCAF869}.Release|Any CPU.ActiveCfg = Release|Any CPU
		{44819B6E-816B-167D-7D5A-51B6EBCAF869}.Release|Any CPU.Build.0 = Release|Any CPU
		{7C4A9318-74BE-B98D-0C9D-20BE032DAF4C}.Debug|Any CPU.ActiveCfg = Debug|Any CPU
		{7C4A9318-74BE-B98D-0C9D-20BE032DAF4C}.Debug|Any CPU.Build.0 = Debug|Any CPU
		{7C4A9318-74BE-B98D-0C9D-20BE032DAF4C}.Release|Any CPU.ActiveCfg = Release|Any CPU
		{7C4A9318-74BE-B98D-0C9D-20BE032DAF4C}.Release|Any CPU.Build.0 = Release|Any CPU
		{D2577CF4-50BA-6B5B-E5CE-5A56D41337CE}.Debug|Any CPU.ActiveCfg = Debug|Any CPU
		{D2577CF4-50BA-6B5B-E5CE-5A56D41337CE}.Debug|Any CPU.Build.0 = Debug|Any CPU
		{D2577CF4-50BA-6B5B-E5CE-5A56D41337CE}.Release|Any CPU.ActiveCfg = Release|Any CPU
		{D2577CF4-50BA-6B5B-E5CE-5A56D41337CE}.Release|Any CPU.Build.0 = Release|Any CPU
		{574CAB99-EA0A-D1C9-CC89-8D059D47B8FB}.Debug|Any CPU.ActiveCfg = Debug|Any CPU
		{574CAB99-EA0A-D1C9-CC89-8D059D47B8FB}.Debug|Any CPU.Build.0 = Debug|Any CPU
		{574CAB99-EA0A-D1C9-CC89-8D059D47B8FB}.Release|Any CPU.ActiveCfg = Release|Any CPU
		{574CAB99-EA0A-D1C9-CC89-8D059D47B8FB}.Release|Any CPU.Build.0 = Release|Any CPU
		{D3A431A9-BA28-5160-1839-E1BF8E4F3C7F}.Debug|Any CPU.ActiveCfg = Debug|Any CPU
		{D3A431A9-BA28-5160-1839-E1BF8E4F3C7F}.Debug|Any CPU.Build.0 = Debug|Any CPU
		{D3A431A9-BA28-5160-1839-E1BF8E4F3C7F}.Release|Any CPU.ActiveCfg = Release|Any CPU
		{D3A431A9-BA28-5160-1839-E1BF8E4F3C7F}.Release|Any CPU.Build.0 = Release|Any CPU
		{22C89F9C-DDB9-8ED9-A6EF-7BAD8BCC52A7}.Debug|Any CPU.ActiveCfg = Debug|Any CPU
		{22C89F9C-DDB9-8ED9-A6EF-7BAD8BCC52A7}.Debug|Any CPU.Build.0 = Debug|Any CPU
		{22C89F9C-DDB9-8ED9-A6EF-7BAD8BCC52A7}.Release|Any CPU.ActiveCfg = Release|Any CPU
		{22C89F9C-DDB9-8ED9-A6EF-7BAD8BCC52A7}.Release|Any CPU.Build.0 = Release|Any CPU
		{483E024E-35EC-BA84-88AB-0E5DD46E4C2F}.Debug|Any CPU.ActiveCfg = Debug|Any CPU
		{483E024E-35EC-BA84-88AB-0E5DD46E4C2F}.Debug|Any CPU.Build.0 = Debug|Any CPU
		{483E024E-35EC-BA84-88AB-0E5DD46E4C2F}.Release|Any CPU.ActiveCfg = Release|Any CPU
		{483E024E-35EC-BA84-88AB-0E5DD46E4C2F}.Release|Any CPU.Build.0 = Release|Any CPU
		{DA6B5C13-418F-B69F-444A-F1B5F5901E80}.Debug|Any CPU.ActiveCfg = Debug|Any CPU
		{DA6B5C13-418F-B69F-444A-F1B5F5901E80}.Debug|Any CPU.Build.0 = Debug|Any CPU
		{DA6B5C13-418F-B69F-444A-F1B5F5901E80}.Release|Any CPU.ActiveCfg = Release|Any CPU
		{DA6B5C13-418F-B69F-444A-F1B5F5901E80}.Release|Any CPU.Build.0 = Release|Any CPU
		{638E4067-7CFF-89A4-4999-A99EB2F51D99}.Debug|Any CPU.ActiveCfg = Debug|Any CPU
		{638E4067-7CFF-89A4-4999-A99EB2F51D99}.Debug|Any CPU.Build.0 = Debug|Any CPU
		{638E4067-7CFF-89A4-4999-A99EB2F51D99}.Release|Any CPU.ActiveCfg = Release|Any CPU
		{638E4067-7CFF-89A4-4999-A99EB2F51D99}.Release|Any CPU.Build.0 = Release|Any CPU
		{2C663548-ABE7-01A4-FF5E-0057803A665E}.Debug|Any CPU.ActiveCfg = Debug|Any CPU
		{2C663548-ABE7-01A4-FF5E-0057803A665E}.Debug|Any CPU.Build.0 = Debug|Any CPU
		{2C663548-ABE7-01A4-FF5E-0057803A665E}.Release|Any CPU.ActiveCfg = Release|Any CPU
		{2C663548-ABE7-01A4-FF5E-0057803A665E}.Release|Any CPU.Build.0 = Release|Any CPU
		{C54C9065-7E0B-54C8-2E7A-22BF3B00F404}.Debug|Any CPU.ActiveCfg = Debug|Any CPU
		{C54C9065-7E0B-54C8-2E7A-22BF3B00F404}.Debug|Any CPU.Build.0 = Debug|Any CPU
		{C54C9065-7E0B-54C8-2E7A-22BF3B00F404}.Release|Any CPU.ActiveCfg = Release|Any CPU
		{C54C9065-7E0B-54C8-2E7A-22BF3B00F404}.Release|Any CPU.Build.0 = Release|Any CPU
		{2CD2B27E-4FAF-83A3-DB7B-135F9DA4D4E5}.Debug|Any CPU.ActiveCfg = Debug|Any CPU
		{2CD2B27E-4FAF-83A3-DB7B-135F9DA4D4E5}.Debug|Any CPU.Build.0 = Debug|Any CPU
		{2CD2B27E-4FAF-83A3-DB7B-135F9DA4D4E5}.Release|Any CPU.ActiveCfg = Release|Any CPU
		{2CD2B27E-4FAF-83A3-DB7B-135F9DA4D4E5}.Release|Any CPU.Build.0 = Release|Any CPU
	EndGlobalSection
	GlobalSection(SolutionProperties) = preSolution
		HideSolutionNode = FALSE
	EndGlobalSection
EndGlobal
